
Microsoft Visual Studio Solution File, Format Version 12.00
# Visual Studio Version 17
VisualStudioVersion = 17.1.32210.238
MinimumVisualStudioVersion = 10.0.40219.1
Project("{9A19103F-16F7-4668-BE54-9A1E7A4F7556}") = "WebServer", "WebServer\WebServer.csproj", "{0B74A942-E67B-430C-9148-A7EBD79D0F83}"
EndProject
Project("{FAE04EC0-301F-11D3-BF4B-00C04F79EFBC}") = "Tests", "Tests\Tests\Tests.csproj", "{E9F61ABE-78C2-4B17-8C2C-3593390F45EF}"
EndProject
Global
	GlobalSection(SolutionConfigurationPlatforms) = preSolution
		Debug|Any CPU = Debug|Any CPU
		Release|Any CPU = Release|Any CPU
	EndGlobalSection
	GlobalSection(ProjectConfigurationPlatforms) = postSolution
		{0B74A942-E67B-430C-9148-A7EBD79D0F83}.Debug|Any CPU.ActiveCfg = Debug|Any CPU
		{0B74A942-E67B-430C-9148-A7EBD79D0F83}.Debug|Any CPU.Build.0 = Debug|Any CPU
		{0B74A942-E67B-430C-9148-A7EBD79D0F83}.Release|Any CPU.ActiveCfg = Release|Any CPU
		{0B74A942-E67B-430C-9148-A7EBD79D0F83}.Release|Any CPU.Build.0 = Release|Any CPU
		{E9F61ABE-78C2-4B17-8C2C-3593390F45EF}.Debug|Any CPU.ActiveCfg = Debug|Any CPU
		{E9F61ABE-78C2-4B17-8C2C-3593390F45EF}.Debug|Any CPU.Build.0 = Debug|Any CPU
		{E9F61ABE-78C2-4B17-8C2C-3593390F45EF}.Release|Any CPU.ActiveCfg = Release|Any CPU
		{E9F61ABE-78C2-4B17-8C2C-3593390F45EF}.Release|Any CPU.Build.0 = Release|Any CPU
	EndGlobalSection
	GlobalSection(SolutionProperties) = preSolution
		HideSolutionNode = FALSE
	EndGlobalSection
	GlobalSection(ExtensibilityGlobals) = postSolution
		SolutionGuid = {B76120CE-0023-4222-8A42-688D77E04B90}
	EndGlobalSection
EndGlobal
